
Microsoft Visual Studio Solution File, Format Version 12.00
# Visual Studio Version 17
VisualStudioVersion = 17.7.34031.279
MinimumVisualStudioVersion = 10.0.40219.1
Project("{9A19103F-16F7-4668-BE54-9A1E7A4F7556}") = "Assignment1", "Assignment1\Assignment1.csproj", "{DE90F77F-3487-4EF4-80EA-6FA2F77B7CD0}"
EndProject
Project("{9A19103F-16F7-4668-BE54-9A1E7A4F7556}") = "Assignment5", "Assignment5\Assignment5.csproj", "{AE1F8510-52F1-4DE8-AA95-9EAE718E3501}"
EndProject
Project("{9A19103F-16F7-4668-BE54-9A1E7A4F7556}") = "Assignment4", "Assignment4\Assignment4.csproj", "{60561DE4-AA73-41EC-A2DF-97542E5B5608}"
EndProject
Project("{FAE04EC0-301F-11D3-BF4B-00C04F79EFBC}") = "Assignment2", "Assignment2\Assignment2.csproj", "{73B646EB-7F20-4044-B3B9-9BAF870391F8}"
EndProject
Project("{FAE04EC0-301F-11D3-BF4B-00C04F79EFBC}") = "Assignment3", "Assignment3\Assignment3.csproj", "{6AAEBFDA-6F6D-44DD-9381-2C5A5FB003A2}"
EndProject
Global
	GlobalSection(SolutionConfigurationPlatforms) = preSolution
		Debug|Any CPU = Debug|Any CPU
		Release|Any CPU = Release|Any CPU
	EndGlobalSection
	GlobalSection(ProjectConfigurationPlatforms) = postSolution
		{DE90F77F-3487-4EF4-80EA-6FA2F77B7CD0}.Debug|Any CPU.ActiveCfg = Debug|Any CPU
		{DE90F77F-3487-4EF4-80EA-6FA2F77B7CD0}.Debug|Any CPU.Build.0 = Debug|Any CPU
		{DE90F77F-3487-4EF4-80EA-6FA2F77B7CD0}.Release|Any CPU.ActiveCfg = Release|Any CPU
		{DE90F77F-3487-4EF4-80EA-6FA2F77B7CD0}.Release|Any CPU.Build.0 = Release|Any CPU
		{AE1F8510-52F1-4DE8-AA95-9EAE718E3501}.Debug|Any CPU.ActiveCfg = Debug|Any CPU
		{AE1F8510-52F1-4DE8-AA95-9EAE718E3501}.Debug|Any CPU.Build.0 = Debug|Any CPU
		{AE1F8510-52F1-4DE8-AA95-9EAE718E3501}.Release|Any CPU.ActiveCfg = Release|Any CPU
		{AE1F8510-52F1-4DE8-AA95-9EAE718E3501}.Release|Any CPU.Build.0 = Release|Any CPU
		{60561DE4-AA73-41EC-A2DF-97542E5B5608}.Debug|Any CPU.ActiveCfg = Debug|Any CPU
		{60561DE4-AA73-41EC-A2DF-97542E5B5608}.Debug|Any CPU.Build.0 = Debug|Any CPU
		{60561DE4-AA73-41EC-A2DF-97542E5B5608}.Release|Any CPU.ActiveCfg = Release|Any CPU
		{60561DE4-AA73-41EC-A2DF-97542E5B5608}.Release|Any CPU.Build.0 = Release|Any CPU
		{73B646EB-7F20-4044-B3B9-9BAF870391F8}.Debug|Any CPU.ActiveCfg = Debug|Any CPU
		{73B646EB-7F20-4044-B3B9-9BAF870391F8}.Debug|Any CPU.Build.0 = Debug|Any CPU
		{73B646EB-7F20-4044-B3B9-9BAF870391F8}.Release|Any CPU.ActiveCfg = Release|Any CPU
		{73B646EB-7F20-4044-B3B9-9BAF870391F8}.Release|Any CPU.Build.0 = Release|Any CPU
		{6AAEBFDA-6F6D-44DD-9381-2C5A5FB003A2}.Debug|Any CPU.ActiveCfg = Debug|Any CPU
		{6AAEBFDA-6F6D-44DD-9381-2C5A5FB003A2}.Debug|Any CPU.Build.0 = Debug|Any CPU
		{6AAEBFDA-6F6D-44DD-9381-2C5A5FB003A2}.Release|Any CPU.ActiveCfg = Release|Any CPU
		{6AAEBFDA-6F6D-44DD-9381-2C5A5FB003A2}.Release|Any CPU.Build.0 = Release|Any CPU
	EndGlobalSection
	GlobalSection(SolutionProperties) = preSolution
		HideSolutionNode = FALSE
	EndGlobalSection
	GlobalSection(ExtensibilityGlobals) = postSolution
		SolutionGuid = {B9D18EBE-A868-44C5-B11C-818B738DB71F}
	EndGlobalSection
EndGlobal
